// !$*UTF8*$!
{
	archiveVersion = 1;
	classes = {
	};
	objectVersion = 46;
	objects = {

/* Begin PBXBuildFile section */
		D920CA0B1ABC88C600C5E524 /* SVGVectorImage+ColorReplacement.swift in Sources */ = {isa = PBXBuildFile; fileRef = D920CA0A1ABC88C600C5E524 /* SVGVectorImage+ColorReplacement.swift */; };
		D944A0071ABB43DF0060A72A /* AppDelegate.swift in Sources */ = {isa = PBXBuildFile; fileRef = D944A0061ABB43DF0060A72A /* AppDelegate.swift */; };
		D944A0091ABB43DF0060A72A /* ExampleViewController.swift in Sources */ = {isa = PBXBuildFile; fileRef = D944A0081ABB43DF0060A72A /* ExampleViewController.swift */; };
		D944A00C1ABB43DF0060A72A /* Main.storyboard in Resources */ = {isa = PBXBuildFile; fileRef = D944A00A1ABB43DF0060A72A /* Main.storyboard */; };
		D944A00E1ABB43DF0060A72A /* Images.xcassets in Resources */ = {isa = PBXBuildFile; fileRef = D944A00D1ABB43DF0060A72A /* Images.xcassets */; };
		D944A0111ABB43DF0060A72A /* LaunchScreen.xib in Resources */ = {isa = PBXBuildFile; fileRef = D944A00F1ABB43DF0060A72A /* LaunchScreen.xib */; };
		D944A01D1ABB43DF0060A72A /* SwiftVGTests.swift in Sources */ = {isa = PBXBuildFile; fileRef = D944A01C1ABB43DF0060A72A /* SwiftVGTests.swift */; };
		D944A0391ABB44150060A72A /* SKUBezierPath+SVG.m in Sources */ = {isa = PBXBuildFile; fileRef = D944A0291ABB44150060A72A /* SKUBezierPath+SVG.m */; };
		D944A03A1ABB44150060A72A /* SVGGroup.swift in Sources */ = {isa = PBXBuildFile; fileRef = D944A02B1ABB44150060A72A /* SVGGroup.swift */; };
		D944A03B1ABB44150060A72A /* SVGParser.swift in Sources */ = {isa = PBXBuildFile; fileRef = D944A02C1ABB44150060A72A /* SVGParser.swift */; };
		D944A03C1ABB44150060A72A /* SVGPath.swift in Sources */ = {isa = PBXBuildFile; fileRef = D944A02D1ABB44150060A72A /* SVGPath.swift */; };
		D944A03D1ABB44150060A72A /* SVGRadialGradient.swift in Sources */ = {isa = PBXBuildFile; fileRef = D944A02E1ABB44150060A72A /* SVGRadialGradient.swift */; };
		D944A03E1ABB44150060A72A /* SVGDrawable.swift in Sources */ = {isa = PBXBuildFile; fileRef = D944A0301ABB44150060A72A /* SVGDrawable.swift */; };
		D944A03F1ABB44150060A72A /* SVGFillable.swift in Sources */ = {isa = PBXBuildFile; fileRef = D944A0311ABB44150060A72A /* SVGFillable.swift */; };
		D944A0401ABB44150060A72A /* SVGGradient.swift in Sources */ = {isa = PBXBuildFile; fileRef = D944A0321ABB44150060A72A /* SVGGradient.swift */; };
		D944A0421ABB44150060A72A /* UIColor+Hexadecimal.swift in Sources */ = {isa = PBXBuildFile; fileRef = D944A0351ABB44150060A72A /* UIColor+Hexadecimal.swift */; };
		D944A0431ABB44150060A72A /* SVGVectorImage.swift in Sources */ = {isa = PBXBuildFile; fileRef = D944A0371ABB44150060A72A /* SVGVectorImage.swift */; };
		D944A0441ABB44150060A72A /* SVGView.swift in Sources */ = {isa = PBXBuildFile; fileRef = D944A0381ABB44150060A72A /* SVGView.swift */; };
		D944A0461ABB44350060A72A /* example.svg in Resources */ = {isa = PBXBuildFile; fileRef = D944A0451ABB44350060A72A /* example.svg */; };
		D970E5251ABBC86000164F88 /* SVGBezierBuilder.swift in Sources */ = {isa = PBXBuildFile; fileRef = D970E5241ABBC86000164F88 /* SVGBezierBuilder.swift */; };
		D979E8C91ABB95B600AC9E7C /* SVGLinearGradient.swift in Sources */ = {isa = PBXBuildFile; fileRef = D979E8C81ABB95B600AC9E7C /* SVGLinearGradient.swift */; };
		D98E3A051AD07BAC000DDDD9 /* SVGText.swift in Sources */ = {isa = PBXBuildFile; fileRef = D98E3A041AD07BAC000DDDD9 /* SVGText.swift */; };
		D9C2251C1ABB91130081EEC5 /* example2.svg in Resources */ = {isa = PBXBuildFile; fileRef = D9C2251B1ABB91130081EEC5 /* example2.svg */; };
/* End PBXBuildFile section */

/* Begin PBXContainerItemProxy section */
		D944A0171ABB43DF0060A72A /* PBXContainerItemProxy */ = {
			isa = PBXContainerItemProxy;
			containerPortal = D9449FF91ABB43DF0060A72A /* Project object */;
			proxyType = 1;
			remoteGlobalIDString = D944A0001ABB43DF0060A72A;
			remoteInfo = SwiftVG;
		};
/* End PBXContainerItemProxy section */

/* Begin PBXFileReference section */
		D920CA0A1ABC88C600C5E524 /* SVGVectorImage+ColorReplacement.swift */ = {isa = PBXFileReference; fileEncoding = 4; lastKnownFileType = sourcecode.swift; name = "SVGVectorImage+ColorReplacement.swift"; path = "SVGVectorImage Categories/SVGVectorImage+ColorReplacement.swift"; sourceTree = "<group>"; };
		D944A0011ABB43DF0060A72A /* SwiftVG.app */ = {isa = PBXFileReference; explicitFileType = wrapper.application; includeInIndex = 0; path = SwiftVG.app; sourceTree = BUILT_PRODUCTS_DIR; };
		D944A0051ABB43DF0060A72A /* Info.plist */ = {isa = PBXFileReference; lastKnownFileType = text.plist.xml; path = Info.plist; sourceTree = "<group>"; };
		D944A0061ABB43DF0060A72A /* AppDelegate.swift */ = {isa = PBXFileReference; lastKnownFileType = sourcecode.swift; path = AppDelegate.swift; sourceTree = "<group>"; };
		D944A0081ABB43DF0060A72A /* ExampleViewController.swift */ = {isa = PBXFileReference; lastKnownFileType = sourcecode.swift; path = ExampleViewController.swift; sourceTree = "<group>"; };
		D944A00B1ABB43DF0060A72A /* Base */ = {isa = PBXFileReference; lastKnownFileType = file.storyboard; name = Base; path = Base.lproj/Main.storyboard; sourceTree = "<group>"; };
		D944A00D1ABB43DF0060A72A /* Images.xcassets */ = {isa = PBXFileReference; lastKnownFileType = folder.assetcatalog; path = Images.xcassets; sourceTree = "<group>"; };
		D944A0101ABB43DF0060A72A /* Base */ = {isa = PBXFileReference; lastKnownFileType = file.xib; name = Base; path = Base.lproj/LaunchScreen.xib; sourceTree = "<group>"; };
		D944A0161ABB43DF0060A72A /* SwiftVGTests.xctest */ = {isa = PBXFileReference; explicitFileType = wrapper.cfbundle; includeInIndex = 0; path = SwiftVGTests.xctest; sourceTree = BUILT_PRODUCTS_DIR; };
		D944A01B1ABB43DF0060A72A /* Info.plist */ = {isa = PBXFileReference; lastKnownFileType = text.plist.xml; path = Info.plist; sourceTree = "<group>"; };
		D944A01C1ABB43DF0060A72A /* SwiftVGTests.swift */ = {isa = PBXFileReference; lastKnownFileType = sourcecode.swift; path = SwiftVGTests.swift; sourceTree = "<group>"; };
		D944A0281ABB44150060A72A /* SKUBezierPath+SVG.h */ = {isa = PBXFileReference; fileEncoding = 4; lastKnownFileType = sourcecode.c.h; path = "SKUBezierPath+SVG.h"; sourceTree = "<group>"; };
		D944A0291ABB44150060A72A /* SKUBezierPath+SVG.m */ = {isa = PBXFileReference; fileEncoding = 4; lastKnownFileType = sourcecode.c.objc; path = "SKUBezierPath+SVG.m"; sourceTree = "<group>"; };
		D944A02B1ABB44150060A72A /* SVGGroup.swift */ = {isa = PBXFileReference; fileEncoding = 4; lastKnownFileType = sourcecode.swift; path = SVGGroup.swift; sourceTree = "<group>"; };
		D944A02C1ABB44150060A72A /* SVGParser.swift */ = {isa = PBXFileReference; fileEncoding = 4; lastKnownFileType = sourcecode.swift; path = SVGParser.swift; sourceTree = "<group>"; };
		D944A02D1ABB44150060A72A /* SVGPath.swift */ = {isa = PBXFileReference; fileEncoding = 4; lastKnownFileType = sourcecode.swift; path = SVGPath.swift; sourceTree = "<group>"; };
		D944A02E1ABB44150060A72A /* SVGRadialGradient.swift */ = {isa = PBXFileReference; fileEncoding = 4; lastKnownFileType = sourcecode.swift; path = SVGRadialGradient.swift; sourceTree = "<group>"; };
		D944A0301ABB44150060A72A /* SVGDrawable.swift */ = {isa = PBXFileReference; fileEncoding = 4; lastKnownFileType = sourcecode.swift; path = SVGDrawable.swift; sourceTree = "<group>"; };
		D944A0311ABB44150060A72A /* SVGFillable.swift */ = {isa = PBXFileReference; fileEncoding = 4; lastKnownFileType = sourcecode.swift; path = SVGFillable.swift; sourceTree = "<group>"; };
		D944A0321ABB44150060A72A /* SVGGradient.swift */ = {isa = PBXFileReference; fileEncoding = 4; lastKnownFileType = sourcecode.swift; path = SVGGradient.swift; sourceTree = "<group>"; };
		D944A0351ABB44150060A72A /* UIColor+Hexadecimal.swift */ = {isa = PBXFileReference; fileEncoding = 4; lastKnownFileType = sourcecode.swift; path = "UIColor+Hexadecimal.swift"; sourceTree = "<group>"; };
		D944A0371ABB44150060A72A /* SVGVectorImage.swift */ = {isa = PBXFileReference; fileEncoding = 4; lastKnownFileType = sourcecode.swift; path = SVGVectorImage.swift; sourceTree = "<group>"; };
		D944A0381ABB44150060A72A /* SVGView.swift */ = {isa = PBXFileReference; fileEncoding = 4; lastKnownFileType = sourcecode.swift; path = SVGView.swift; sourceTree = "<group>"; };
		D944A0451ABB44350060A72A /* example.svg */ = {isa = PBXFileReference; fileEncoding = 4; lastKnownFileType = text.xml; path = example.svg; sourceTree = "<group>"; };
		D944A04C1ABB45270060A72A /* SwiftVG-Bridging-Header.h */ = {isa = PBXFileReference; lastKnownFileType = sourcecode.c.h; path = "SwiftVG-Bridging-Header.h"; sourceTree = "<group>"; };
		D970E5241ABBC86000164F88 /* SVGBezierBuilder.swift */ = {isa = PBXFileReference; fileEncoding = 4; lastKnownFileType = sourcecode.swift; path = SVGBezierBuilder.swift; sourceTree = "<group>"; };
		D979E8C81ABB95B600AC9E7C /* SVGLinearGradient.swift */ = {isa = PBXFileReference; fileEncoding = 4; lastKnownFileType = sourcecode.swift; path = SVGLinearGradient.swift; sourceTree = "<group>"; };
		D98E3A041AD07BAC000DDDD9 /* SVGText.swift */ = {isa = PBXFileReference; fileEncoding = 4; lastKnownFileType = sourcecode.swift; path = SVGText.swift; sourceTree = "<group>"; };
		D9C2251B1ABB91130081EEC5 /* example2.svg */ = {isa = PBXFileReference; fileEncoding = 4; lastKnownFileType = text.xml; path = example2.svg; sourceTree = "<group>"; };
/* End PBXFileReference section */

/* Begin PBXFrameworksBuildPhase section */
		D9449FFE1ABB43DF0060A72A /* Frameworks */ = {
			isa = PBXFrameworksBuildPhase;
			buildActionMask = 2147483647;
			files = (
			);
			runOnlyForDeploymentPostprocessing = 0;
		};
		D944A0131ABB43DF0060A72A /* Frameworks */ = {
			isa = PBXFrameworksBuildPhase;
			buildActionMask = 2147483647;
			files = (
			);
			runOnlyForDeploymentPostprocessing = 0;
		};
/* End PBXFrameworksBuildPhase section */

/* Begin PBXGroup section */
		D920CA091ABC88B100C5E524 /* SVGVectorImage Categories */ = {
			isa = PBXGroup;
			children = (
				D920CA0A1ABC88C600C5E524 /* SVGVectorImage+ColorReplacement.swift */,
			);
			name = "SVGVectorImage Categories";
			sourceTree = "<group>";
		};
		D9449FF81ABB43DF0060A72A = {
			isa = PBXGroup;
			children = (
				D944A0031ABB43DF0060A72A /* SwiftVG */,
				D944A0191ABB43DF0060A72A /* SwiftVGTests */,
				D944A0021ABB43DF0060A72A /* Products */,
			);
			sourceTree = "<group>";
		};
		D944A0021ABB43DF0060A72A /* Products */ = {
			isa = PBXGroup;
			children = (
				D944A0011ABB43DF0060A72A /* SwiftVG.app */,
				D944A0161ABB43DF0060A72A /* SwiftVGTests.xctest */,
			);
			name = Products;
			sourceTree = "<group>";
		};
		D944A0031ABB43DF0060A72A /* SwiftVG */ = {
			isa = PBXGroup;
			children = (
				D944A0261ABB44150060A72A /* SwiftSVG */,
				D944A0061ABB43DF0060A72A /* AppDelegate.swift */,
				D944A0081ABB43DF0060A72A /* ExampleViewController.swift */,
				D944A00A1ABB43DF0060A72A /* Main.storyboard */,
				D944A0451ABB44350060A72A /* example.svg */,
				D9C2251B1ABB91130081EEC5 /* example2.svg */,
				D944A04C1ABB45270060A72A /* SwiftVG-Bridging-Header.h */,
				D944A00D1ABB43DF0060A72A /* Images.xcassets */,
				D944A00F1ABB43DF0060A72A /* LaunchScreen.xib */,
				D944A0041ABB43DF0060A72A /* Supporting Files */,
			);
			path = SwiftVG;
			sourceTree = "<group>";
		};
		D944A0041ABB43DF0060A72A /* Supporting Files */ = {
			isa = PBXGroup;
			children = (
				D944A0051ABB43DF0060A72A /* Info.plist */,
			);
			name = "Supporting Files";
			sourceTree = "<group>";
		};
		D944A0191ABB43DF0060A72A /* SwiftVGTests */ = {
			isa = PBXGroup;
			children = (
				D944A01C1ABB43DF0060A72A /* SwiftVGTests.swift */,
				D944A01A1ABB43DF0060A72A /* Supporting Files */,
			);
			path = SwiftVGTests;
			sourceTree = "<group>";
		};
		D944A01A1ABB43DF0060A72A /* Supporting Files */ = {
			isa = PBXGroup;
			children = (
				D944A01B1ABB43DF0060A72A /* Info.plist */,
			);
			name = "Supporting Files";
			sourceTree = "<group>";
		};
		D944A0261ABB44150060A72A /* SwiftSVG */ = {
			isa = PBXGroup;
			children = (
				D944A0271ABB44150060A72A /* Dependencies */,
				D944A02A1ABB44150060A72A /* Parser */,
				D944A02F1ABB44150060A72A /* Protocols */,
				D944A0341ABB44150060A72A /* UIKit Categories */,
				D944A0361ABB44150060A72A /* Views */,
			);
			path = SwiftSVG;
			sourceTree = "<group>";
		};
		D944A0271ABB44150060A72A /* Dependencies */ = {
			isa = PBXGroup;
			children = (
				D944A0281ABB44150060A72A /* SKUBezierPath+SVG.h */,
				D944A0291ABB44150060A72A /* SKUBezierPath+SVG.m */,
				D970E5241ABBC86000164F88 /* SVGBezierBuilder.swift */,
			);
			path = Dependencies;
			sourceTree = "<group>";
		};
		D944A02A1ABB44150060A72A /* Parser */ = {
			isa = PBXGroup;
			children = (
				D98E3A041AD07BAC000DDDD9 /* SVGText.swift */,
				D944A02B1ABB44150060A72A /* SVGGroup.swift */,
				D944A02C1ABB44150060A72A /* SVGParser.swift */,
				D944A02D1ABB44150060A72A /* SVGPath.swift */,
				D944A02E1ABB44150060A72A /* SVGRadialGradient.swift */,
				D979E8C81ABB95B600AC9E7C /* SVGLinearGradient.swift */,
			);
			path = Parser;
			sourceTree = "<group>";
		};
		D944A02F1ABB44150060A72A /* Protocols */ = {
			isa = PBXGroup;
			children = (
				D944A0301ABB44150060A72A /* SVGDrawable.swift */,
				D944A0311ABB44150060A72A /* SVGFillable.swift */,
				D944A0321ABB44150060A72A /* SVGGradient.swift */,
			);
			path = Protocols;
			sourceTree = "<group>";
		};
		D944A0341ABB44150060A72A /* UIKit Categories */ = {
			isa = PBXGroup;
			children = (
				D944A0351ABB44150060A72A /* UIColor+Hexadecimal.swift */,
			);
			path = "UIKit Categories";
			sourceTree = "<group>";
		};
		D944A0361ABB44150060A72A /* Views */ = {
			isa = PBXGroup;
			children = (
				D920CA091ABC88B100C5E524 /* SVGVectorImage Categories */,
				D944A0371ABB44150060A72A /* SVGVectorImage.swift */,
				D944A0381ABB44150060A72A /* SVGView.swift */,
			);
			path = Views;
			sourceTree = "<group>";
		};
/* End PBXGroup section */

/* Begin PBXNativeTarget section */
		D944A0001ABB43DF0060A72A /* SwiftVG */ = {
			isa = PBXNativeTarget;
			buildConfigurationList = D944A0201ABB43DF0060A72A /* Build configuration list for PBXNativeTarget "SwiftVG" */;
			buildPhases = (
				D9449FFD1ABB43DF0060A72A /* Sources */,
				D9449FFE1ABB43DF0060A72A /* Frameworks */,
				D9449FFF1ABB43DF0060A72A /* Resources */,
			);
			buildRules = (
			);
			dependencies = (
			);
			name = SwiftVG;
			productName = SwiftVG;
			productReference = D944A0011ABB43DF0060A72A /* SwiftVG.app */;
			productType = "com.apple.product-type.application";
		};
		D944A0151ABB43DF0060A72A /* SwiftVGTests */ = {
			isa = PBXNativeTarget;
			buildConfigurationList = D944A0231ABB43DF0060A72A /* Build configuration list for PBXNativeTarget "SwiftVGTests" */;
			buildPhases = (
				D944A0121ABB43DF0060A72A /* Sources */,
				D944A0131ABB43DF0060A72A /* Frameworks */,
				D944A0141ABB43DF0060A72A /* Resources */,
			);
			buildRules = (
			);
			dependencies = (
				D944A0181ABB43DF0060A72A /* PBXTargetDependency */,
			);
			name = SwiftVGTests;
			productName = SwiftVGTests;
			productReference = D944A0161ABB43DF0060A72A /* SwiftVGTests.xctest */;
			productType = "com.apple.product-type.bundle.unit-test";
		};
/* End PBXNativeTarget section */

/* Begin PBXProject section */
		D9449FF91ABB43DF0060A72A /* Project object */ = {
			isa = PBXProject;
			attributes = {
				LastUpgradeCheck = 0620;
				ORGANIZATIONNAME = austinfitzpatrick;
				TargetAttributes = {
					D944A0001ABB43DF0060A72A = {
						CreatedOnToolsVersion = 6.2;
					};
					D944A0151ABB43DF0060A72A = {
						CreatedOnToolsVersion = 6.2;
						TestTargetID = D944A0001ABB43DF0060A72A;
					};
				};
			};
			buildConfigurationList = D9449FFC1ABB43DF0060A72A /* Build configuration list for PBXProject "SwiftVG" */;
			compatibilityVersion = "Xcode 3.2";
			developmentRegion = English;
			hasScannedForEncodings = 0;
			knownRegions = (
				en,
				Base,
			);
			mainGroup = D9449FF81ABB43DF0060A72A;
			productRefGroup = D944A0021ABB43DF0060A72A /* Products */;
			projectDirPath = "";
			projectRoot = "";
			targets = (
				D944A0001ABB43DF0060A72A /* SwiftVG */,
				D944A0151ABB43DF0060A72A /* SwiftVGTests */,
			);
		};
/* End PBXProject section */

/* Begin PBXResourcesBuildPhase section */
		D9449FFF1ABB43DF0060A72A /* Resources */ = {
			isa = PBXResourcesBuildPhase;
			buildActionMask = 2147483647;
			files = (
				D9C2251C1ABB91130081EEC5 /* example2.svg in Resources */,
				D944A00C1ABB43DF0060A72A /* Main.storyboard in Resources */,
				D944A0111ABB43DF0060A72A /* LaunchScreen.xib in Resources */,
				D944A0461ABB44350060A72A /* example.svg in Resources */,
				D944A00E1ABB43DF0060A72A /* Images.xcassets in Resources */,
			);
			runOnlyForDeploymentPostprocessing = 0;
		};
		D944A0141ABB43DF0060A72A /* Resources */ = {
			isa = PBXResourcesBuildPhase;
			buildActionMask = 2147483647;
			files = (
			);
			runOnlyForDeploymentPostprocessing = 0;
		};
/* End PBXResourcesBuildPhase section */

/* Begin PBXSourcesBuildPhase section */
		D9449FFD1ABB43DF0060A72A /* Sources */ = {
			isa = PBXSourcesBuildPhase;
			buildActionMask = 2147483647;
			files = (
				D944A03B1ABB44150060A72A /* SVGParser.swift in Sources */,
				D944A0391ABB44150060A72A /* SKUBezierPath+SVG.m in Sources */,
				D979E8C91ABB95B600AC9E7C /* SVGLinearGradient.swift in Sources */,
				D944A03D1ABB44150060A72A /* SVGRadialGradient.swift in Sources */,
				D944A0091ABB43DF0060A72A /* ExampleViewController.swift in Sources */,
				D944A03A1ABB44150060A72A /* SVGGroup.swift in Sources */,
				D944A0071ABB43DF0060A72A /* AppDelegate.swift in Sources */,
				D944A03F1ABB44150060A72A /* SVGFillable.swift in Sources */,
				D970E5251ABBC86000164F88 /* SVGBezierBuilder.swift in Sources */,
				D944A03E1ABB44150060A72A /* SVGDrawable.swift in Sources */,
				D920CA0B1ABC88C600C5E524 /* SVGVectorImage+ColorReplacement.swift in Sources */,
				D98E3A051AD07BAC000DDDD9 /* SVGText.swift in Sources */,
				D944A0441ABB44150060A72A /* SVGView.swift in Sources */,
				D944A0421ABB44150060A72A /* UIColor+Hexadecimal.swift in Sources */,
				D944A0401ABB44150060A72A /* SVGGradient.swift in Sources */,
				D944A0431ABB44150060A72A /* SVGVectorImage.swift in Sources */,
				D944A03C1ABB44150060A72A /* SVGPath.swift in Sources */,
			);
			runOnlyForDeploymentPostprocessing = 0;
		};
		D944A0121ABB43DF0060A72A /* Sources */ = {
			isa = PBXSourcesBuildPhase;
			buildActionMask = 2147483647;
			files = (
				D944A01D1ABB43DF0060A72A /* SwiftVGTests.swift in Sources */,
			);
			runOnlyForDeploymentPostprocessing = 0;
		};
/* End PBXSourcesBuildPhase section */

/* Begin PBXTargetDependency section */
		D944A0181ABB43DF0060A72A /* PBXTargetDependency */ = {
			isa = PBXTargetDependency;
			target = D944A0001ABB43DF0060A72A /* SwiftVG */;
			targetProxy = D944A0171ABB43DF0060A72A /* PBXContainerItemProxy */;
		};
/* End PBXTargetDependency section */

/* Begin PBXVariantGroup section */
		D944A00A1ABB43DF0060A72A /* Main.storyboard */ = {
			isa = PBXVariantGroup;
			children = (
				D944A00B1ABB43DF0060A72A /* Base */,
			);
			name = Main.storyboard;
			sourceTree = "<group>";
		};
		D944A00F1ABB43DF0060A72A /* LaunchScreen.xib */ = {
			isa = PBXVariantGroup;
			children = (
				D944A0101ABB43DF0060A72A /* Base */,
			);
			name = LaunchScreen.xib;
			sourceTree = "<group>";
		};
/* End PBXVariantGroup section */

/* Begin XCBuildConfiguration section */
		D944A01E1ABB43DF0060A72A /* Debug */ = {
			isa = XCBuildConfiguration;
			buildSettings = {
				ALWAYS_SEARCH_USER_PATHS = NO;
				CLANG_CXX_LANGUAGE_STANDARD = "gnu++0x";
				CLANG_CXX_LIBRARY = "libc++";
				CLANG_ENABLE_MODULES = YES;
				CLANG_ENABLE_OBJC_ARC = YES;
				CLANG_WARN_BOOL_CONVERSION = YES;
				CLANG_WARN_CONSTANT_CONVERSION = YES;
				CLANG_WARN_DIRECT_OBJC_ISA_USAGE = YES_ERROR;
				CLANG_WARN_EMPTY_BODY = YES;
				CLANG_WARN_ENUM_CONVERSION = YES;
				CLANG_WARN_INT_CONVERSION = YES;
				CLANG_WARN_OBJC_ROOT_CLASS = YES_ERROR;
				CLANG_WARN_UNREACHABLE_CODE = YES;
				CLANG_WARN__DUPLICATE_METHOD_MATCH = YES;
				"CODE_SIGN_IDENTITY[sdk=iphoneos*]" = "iPhone Developer";
				COPY_PHASE_STRIP = NO;
				ENABLE_STRICT_OBJC_MSGSEND = YES;
				GCC_C_LANGUAGE_STANDARD = gnu99;
				GCC_DYNAMIC_NO_PIC = NO;
				GCC_OPTIMIZATION_LEVEL = 0;
				GCC_PREPROCESSOR_DEFINITIONS = (
					"DEBUG=1",
					"$(inherited)",
				);
				GCC_SYMBOLS_PRIVATE_EXTERN = NO;
				GCC_WARN_64_TO_32_BIT_CONVERSION = YES;
				GCC_WARN_ABOUT_RETURN_TYPE = YES_ERROR;
				GCC_WARN_UNDECLARED_SELECTOR = YES;
				GCC_WARN_UNINITIALIZED_AUTOS = YES_AGGRESSIVE;
				GCC_WARN_UNUSED_FUNCTION = YES;
				GCC_WARN_UNUSED_VARIABLE = YES;
				IPHONEOS_DEPLOYMENT_TARGET = 8.2;
				MTL_ENABLE_DEBUG_INFO = YES;
				ONLY_ACTIVE_ARCH = YES;
				SDKROOT = iphoneos;
				SWIFT_OBJC_BRIDGING_HEADER = "SwiftVG/SwiftVG-Bridging-Header.h";
				SWIFT_OPTIMIZATION_LEVEL = "-Onone";
				TARGETED_DEVICE_FAMILY = "1,2";
			};
			name = Debug;
		};
		D944A01F1ABB43DF0060A72A /* Release */ = {
			isa = XCBuildConfiguration;
			buildSettings = {
				ALWAYS_SEARCH_USER_PATHS = NO;
				CLANG_CXX_LANGUAGE_STANDARD = "gnu++0x";
				CLANG_CXX_LIBRARY = "libc++";
				CLANG_ENABLE_MODULES = YES;
				CLANG_ENABLE_OBJC_ARC = YES;
				CLANG_WARN_BOOL_CONVERSION = YES;
				CLANG_WARN_CONSTANT_CONVERSION = YES;
				CLANG_WARN_DIRECT_OBJC_ISA_USAGE = YES_ERROR;
				CLANG_WARN_EMPTY_BODY = YES;
				CLANG_WARN_ENUM_CONVERSION = YES;
				CLANG_WARN_INT_CONVERSION = YES;
				CLANG_WARN_OBJC_ROOT_CLASS = YES_ERROR;
				CLANG_WARN_UNREACHABLE_CODE = YES;
				CLANG_WARN__DUPLICATE_METHOD_MATCH = YES;
				"CODE_SIGN_IDENTITY[sdk=iphoneos*]" = "iPhone Developer";
				COPY_PHASE_STRIP = NO;
				ENABLE_NS_ASSERTIONS = NO;
				ENABLE_STRICT_OBJC_MSGSEND = YES;
				GCC_C_LANGUAGE_STANDARD = gnu99;
				GCC_WARN_64_TO_32_BIT_CONVERSION = YES;
				GCC_WARN_ABOUT_RETURN_TYPE = YES_ERROR;
				GCC_WARN_UNDECLARED_SELECTOR = YES;
				GCC_WARN_UNINITIALIZED_AUTOS = YES_AGGRESSIVE;
				GCC_WARN_UNUSED_FUNCTION = YES;
				GCC_WARN_UNUSED_VARIABLE = YES;
				IPHONEOS_DEPLOYMENT_TARGET = 8.2;
				MTL_ENABLE_DEBUG_INFO = NO;
				SDKROOT = iphoneos;
				SWIFT_OBJC_BRIDGING_HEADER = "SwiftVG/SwiftVG-Bridging-Header.h";
				TARGETED_DEVICE_FAMILY = "1,2";
				VALIDATE_PRODUCT = YES;
			};
			name = Release;
		};
		D944A0211ABB43DF0060A72A /* Debug */ = {
			isa = XCBuildConfiguration;
			buildSettings = {
				ASSETCATALOG_COMPILER_APPICON_NAME = AppIcon;
				INFOPLIST_FILE = SwiftVG/Info.plist;
				LD_RUNPATH_SEARCH_PATHS = "$(inherited) @executable_path/Frameworks";
				PRODUCT_NAME = "$(TARGET_NAME)";
			};
			name = Debug;
		};
		D944A0221ABB43DF0060A72A /* Release */ = {
			isa = XCBuildConfiguration;
			buildSettings = {
				ASSETCATALOG_COMPILER_APPICON_NAME = AppIcon;
				INFOPLIST_FILE = SwiftVG/Info.plist;
				LD_RUNPATH_SEARCH_PATHS = "$(inherited) @executable_path/Frameworks";
				PRODUCT_NAME = "$(TARGET_NAME)";
			};
			name = Release;
		};
		D944A0241ABB43DF0060A72A /* Debug */ = {
			isa = XCBuildConfiguration;
			buildSettings = {
				BUNDLE_LOADER = "$(TEST_HOST)";
				FRAMEWORK_SEARCH_PATHS = (
					"$(SDKROOT)/Developer/Library/Frameworks",
					"$(inherited)",
				);
				GCC_PREPROCESSOR_DEFINITIONS = (
					"DEBUG=1",
					"$(inherited)",
				);
				INFOPLIST_FILE = SwiftVGTests/Info.plist;
				LD_RUNPATH_SEARCH_PATHS = "$(inherited) @executable_path/Frameworks @loader_path/Frameworks";
				PRODUCT_NAME = "$(TARGET_NAME)";
				TEST_HOST = "$(BUILT_PRODUCTS_DIR)/SwiftVG.app/SwiftVG";
			};
			name = Debug;
		};
		D944A0251ABB43DF0060A72A /* Release */ = {
			isa = XCBuildConfiguration;
			buildSettings = {
				BUNDLE_LOADER = "$(TEST_HOST)";
				FRAMEWORK_SEARCH_PATHS = (
					"$(SDKROOT)/Developer/Library/Frameworks",
					"$(inherited)",
				);
				INFOPLIST_FILE = SwiftVGTests/Info.plist;
				LD_RUNPATH_SEARCH_PATHS = "$(inherited) @executable_path/Frameworks @loader_path/Frameworks";
				PRODUCT_NAME = "$(TARGET_NAME)";
				TEST_HOST = "$(BUILT_PRODUCTS_DIR)/SwiftVG.app/SwiftVG";
			};
			name = Release;
		};
/* End XCBuildConfiguration section */

/* Begin XCConfigurationList section */
		D9449FFC1ABB43DF0060A72A /* Build configuration list for PBXProject "SwiftVG" */ = {
			isa = XCConfigurationList;
			buildConfigurations = (
				D944A01E1ABB43DF0060A72A /* Debug */,
				D944A01F1ABB43DF0060A72A /* Release */,
			);
			defaultConfigurationIsVisible = 0;
			defaultConfigurationName = Release;
		};
		D944A0201ABB43DF0060A72A /* Build configuration list for PBXNativeTarget "SwiftVG" */ = {
			isa = XCConfigurationList;
			buildConfigurations = (
				D944A0211ABB43DF0060A72A /* Debug */,
				D944A0221ABB43DF0060A72A /* Release */,
			);
			defaultConfigurationIsVisible = 0;
			defaultConfigurationName = Release;
		};
		D944A0231ABB43DF0060A72A /* Build configuration list for PBXNativeTarget "SwiftVGTests" */ = {
			isa = XCConfigurationList;
			buildConfigurations = (
				D944A0241ABB43DF0060A72A /* Debug */,
				D944A0251ABB43DF0060A72A /* Release */,
			);
			defaultConfigurationIsVisible = 0;
			defaultConfigurationName = Release;
		};
/* End XCConfigurationList section */
	};
	rootObject = D9449FF91ABB43DF0060A72A /* Project object */;
}
